// !$*UTF8*$!
{
	archiveVersion = 1;
	classes = {
	};
	objectVersion = 56;
	objects = {

/* Begin PBXBuildFile section */
		E1067C302C58C3E8005FE587 /* BackButton.swift in Sources */ = {isa = PBXBuildFile; fileRef = E1067C2F2C58C3E8005FE587 /* BackButton.swift */; };
		E1067C322C58D216005FE587 /* AddMenuSheet.swift in Sources */ = {isa = PBXBuildFile; fileRef = E1067C312C58D216005FE587 /* AddMenuSheet.swift */; };
		E1067C342C58DB6F005FE587 /* AddText.swift in Sources */ = {isa = PBXBuildFile; fileRef = E1067C332C58DB6F005FE587 /* AddText.swift */; };
		E1067C372C58E25F005FE587 /* PopupView in Frameworks */ = {isa = PBXBuildFile; productRef = E1067C362C58E25F005FE587 /* PopupView */; };
		E1067C3A2C5A13CC005FE587 /* ToastManager.swift in Sources */ = {isa = PBXBuildFile; fileRef = E1067C392C5A13CC005FE587 /* ToastManager.swift */; };
		E1067C3F2C5A1749005FE587 /* ViewEx.swift in Sources */ = {isa = PBXBuildFile; fileRef = E1067C3E2C5A1749005FE587 /* ViewEx.swift */; };
		E118E28D2C4E376800480A39 /* MenuViewModel.swift in Sources */ = {isa = PBXBuildFile; fileRef = E118E28C2C4E376800480A39 /* MenuViewModel.swift */; };
		E1484FB12C4E44F7000A4272 /* CategoryView.swift in Sources */ = {isa = PBXBuildFile; fileRef = E1484FB02C4E44F7000A4272 /* CategoryView.swift */; };
		E1484FB32C4E500E000A4272 /* MenuItemView.swift in Sources */ = {isa = PBXBuildFile; fileRef = E1484FB22C4E500E000A4272 /* MenuItemView.swift */; };
		E1484FB52C4E61FD000A4272 /* MenuDetailView.swift in Sources */ = {isa = PBXBuildFile; fileRef = E1484FB42C4E61FD000A4272 /* MenuDetailView.swift */; };
		E148503C2C522CB8000A4272 /* Rate.swift in Sources */ = {isa = PBXBuildFile; fileRef = E148503B2C522CB8000A4272 /* Rate.swift */; };
		E1492FA12C5B7D8E008EDC83 /* SplashView.swift in Sources */ = {isa = PBXBuildFile; fileRef = E1492FA02C5B7D8E008EDC83 /* SplashView.swift */; };
		E1492FA42C5CBB7F008EDC83 /* TabItem.swift in Sources */ = {isa = PBXBuildFile; fileRef = E1492FA32C5CBB7F008EDC83 /* TabItem.swift */; };
		E1492FA62C6090C2008EDC83 /* UINavigationControllerEx.swift in Sources */ = {isa = PBXBuildFile; fileRef = E1492FA52C6090C2008EDC83 /* UINavigationControllerEx.swift */; };
		E1BAB8ED2C46653100873CA6 /* BestEatsApp.swift in Sources */ = {isa = PBXBuildFile; fileRef = E1BAB8EC2C46653100873CA6 /* BestEatsApp.swift */; };
		E1BAB8EF2C46653100873CA6 /* TabBarView.swift in Sources */ = {isa = PBXBuildFile; fileRef = E1BAB8EE2C46653100873CA6 /* TabBarView.swift */; };
		E1BAB8F32C46653300873CA6 /* Assets.xcassets in Resources */ = {isa = PBXBuildFile; fileRef = E1BAB8F22C46653300873CA6 /* Assets.xcassets */; };
		E1BAB8F62C46653300873CA6 /* Preview Assets.xcassets in Resources */ = {isa = PBXBuildFile; fileRef = E1BAB8F52C46653300873CA6 /* Preview Assets.xcassets */; };
		E1BAB9002C46653300873CA6 /* BestEatsTests.swift in Sources */ = {isa = PBXBuildFile; fileRef = E1BAB8FF2C46653300873CA6 /* BestEatsTests.swift */; };
		E1BAB90A2C46653300873CA6 /* BestEatsUITests.swift in Sources */ = {isa = PBXBuildFile; fileRef = E1BAB9092C46653300873CA6 /* BestEatsUITests.swift */; };
		E1BAB90C2C46653300873CA6 /* BestEatsUITestsLaunchTests.swift in Sources */ = {isa = PBXBuildFile; fileRef = E1BAB90B2C46653300873CA6 /* BestEatsUITestsLaunchTests.swift */; };
		E1BAB91F2C466E1200873CA6 /* RestaurantView.swift in Sources */ = {isa = PBXBuildFile; fileRef = E1BAB91E2C466E1200873CA6 /* RestaurantView.swift */; };
		E1BAB9212C466E1B00873CA6 /* SettingsView.swift in Sources */ = {isa = PBXBuildFile; fileRef = E1BAB9202C466E1B00873CA6 /* SettingsView.swift */; };
		E1BAB9232C466E2100873CA6 /* RecommendationView.swift in Sources */ = {isa = PBXBuildFile; fileRef = E1BAB9222C466E2100873CA6 /* RecommendationView.swift */; };
		E1BAB9262C47AFB400873CA6 /* AddRestaurantSheet.swift in Sources */ = {isa = PBXBuildFile; fileRef = E1BAB9252C47AFB400873CA6 /* AddRestaurantSheet.swift */; };
		E1DEE8BA2C490BB30035B56F /* FontEx.swift in Sources */ = {isa = PBXBuildFile; fileRef = E1DEE8B92C490BB30035B56F /* FontEx.swift */; };
		E1DEE8BD2C490BCB0035B56F /* ColorEx.swift in Sources */ = {isa = PBXBuildFile; fileRef = E1DEE8BC2C490BCB0035B56F /* ColorEx.swift */; };
		E1DEE8BF2C490BD00035B56F /* ImageEx.swift in Sources */ = {isa = PBXBuildFile; fileRef = E1DEE8BE2C490BD00035B56F /* ImageEx.swift */; };
		E1DEE8CC2C490ECF0035B56F /* Pretendard-Thin.otf in Resources */ = {isa = PBXBuildFile; fileRef = E1DEE8C32C490ECE0035B56F /* Pretendard-Thin.otf */; };
		E1DEE8CD2C490ECF0035B56F /* Pretendard-Thin.otf in Resources */ = {isa = PBXBuildFile; fileRef = E1DEE8C32C490ECE0035B56F /* Pretendard-Thin.otf */; };
		E1DEE8CE2C490ECF0035B56F /* Pretendard-Light.otf in Resources */ = {isa = PBXBuildFile; fileRef = E1DEE8C42C490ECE0035B56F /* Pretendard-Light.otf */; };
		E1DEE8CF2C490ECF0035B56F /* Pretendard-Light.otf in Resources */ = {isa = PBXBuildFile; fileRef = E1DEE8C42C490ECE0035B56F /* Pretendard-Light.otf */; };
		E1DEE8D02C490ECF0035B56F /* Pretendard-ExtraBold.otf in Resources */ = {isa = PBXBuildFile; fileRef = E1DEE8C52C490ECE0035B56F /* Pretendard-ExtraBold.otf */; };
		E1DEE8D12C490ECF0035B56F /* Pretendard-ExtraBold.otf in Resources */ = {isa = PBXBuildFile; fileRef = E1DEE8C52C490ECE0035B56F /* Pretendard-ExtraBold.otf */; };
		E1DEE8D22C490ECF0035B56F /* Pretendard-Black.otf in Resources */ = {isa = PBXBuildFile; fileRef = E1DEE8C62C490ECE0035B56F /* Pretendard-Black.otf */; };
		E1DEE8D32C490ECF0035B56F /* Pretendard-Black.otf in Resources */ = {isa = PBXBuildFile; fileRef = E1DEE8C62C490ECE0035B56F /* Pretendard-Black.otf */; };
		E1DEE8D42C490ECF0035B56F /* Pretendard-Regular.otf in Resources */ = {isa = PBXBuildFile; fileRef = E1DEE8C72C490ECE0035B56F /* Pretendard-Regular.otf */; };
		E1DEE8D52C490ECF0035B56F /* Pretendard-Regular.otf in Resources */ = {isa = PBXBuildFile; fileRef = E1DEE8C72C490ECE0035B56F /* Pretendard-Regular.otf */; };
		E1DEE8D62C490ECF0035B56F /* Pretendard-SemiBold.otf in Resources */ = {isa = PBXBuildFile; fileRef = E1DEE8C82C490ECE0035B56F /* Pretendard-SemiBold.otf */; };
		E1DEE8D72C490ECF0035B56F /* Pretendard-SemiBold.otf in Resources */ = {isa = PBXBuildFile; fileRef = E1DEE8C82C490ECE0035B56F /* Pretendard-SemiBold.otf */; };
		E1DEE8D82C490ECF0035B56F /* Pretendard-ExtraLight.otf in Resources */ = {isa = PBXBuildFile; fileRef = E1DEE8C92C490ECE0035B56F /* Pretendard-ExtraLight.otf */; };
		E1DEE8D92C490ECF0035B56F /* Pretendard-ExtraLight.otf in Resources */ = {isa = PBXBuildFile; fileRef = E1DEE8C92C490ECE0035B56F /* Pretendard-ExtraLight.otf */; };
		E1DEE8DA2C490ECF0035B56F /* Pretendard-Bold.otf in Resources */ = {isa = PBXBuildFile; fileRef = E1DEE8CA2C490ECE0035B56F /* Pretendard-Bold.otf */; };
		E1DEE8DB2C490ECF0035B56F /* Pretendard-Bold.otf in Resources */ = {isa = PBXBuildFile; fileRef = E1DEE8CA2C490ECE0035B56F /* Pretendard-Bold.otf */; };
		E1DEE8DC2C490ECF0035B56F /* Pretendard-Medium.otf in Resources */ = {isa = PBXBuildFile; fileRef = E1DEE8CB2C490ECF0035B56F /* Pretendard-Medium.otf */; };
		E1DEE8DD2C490ECF0035B56F /* Pretendard-Medium.otf in Resources */ = {isa = PBXBuildFile; fileRef = E1DEE8CB2C490ECF0035B56F /* Pretendard-Medium.otf */; };
		E1E1A2702C49349E00DDABF8 /* CloseButton.swift in Sources */ = {isa = PBXBuildFile; fileRef = E1E1A26F2C49349E00DDABF8 /* CloseButton.swift */; };
		E1E1A2742C49391D00DDABF8 /* RestaurantList.xcdatamodeld in Sources */ = {isa = PBXBuildFile; fileRef = E1E1A2722C49391D00DDABF8 /* RestaurantList.xcdatamodeld */; };
		E1E1A27E2C493D2000DDABF8 /* CoreDataManager.swift in Sources */ = {isa = PBXBuildFile; fileRef = E1E1A27D2C493D2000DDABF8 /* CoreDataManager.swift */; };
		E1E1A28B2C4A2D5E00DDABF8 /* Menu+CoreDataClass.swift in Sources */ = {isa = PBXBuildFile; fileRef = E1E1A2872C4A2D5E00DDABF8 /* Menu+CoreDataClass.swift */; };
		E1E1A28C2C4A2D5E00DDABF8 /* Menu+CoreDataProperties.swift in Sources */ = {isa = PBXBuildFile; fileRef = E1E1A2882C4A2D5E00DDABF8 /* Menu+CoreDataProperties.swift */; };
		E1E1A28D2C4A2D5E00DDABF8 /* Restaurant+CoreDataClass.swift in Sources */ = {isa = PBXBuildFile; fileRef = E1E1A2892C4A2D5E00DDABF8 /* Restaurant+CoreDataClass.swift */; };
		E1E1A28E2C4A2D5E00DDABF8 /* Restaurant+CoreDataProperties.swift in Sources */ = {isa = PBXBuildFile; fileRef = E1E1A28A2C4A2D5E00DDABF8 /* Restaurant+CoreDataProperties.swift */; };
		E1E1A2922C4A336E00DDABF8 /* RestaurantCardView.swift in Sources */ = {isa = PBXBuildFile; fileRef = E1E1A2912C4A336E00DDABF8 /* RestaurantCardView.swift */; };
		E1E1A2942C4A360300DDABF8 /* AddButton.swift in Sources */ = {isa = PBXBuildFile; fileRef = E1E1A2932C4A360300DDABF8 /* AddButton.swift */; };
		E1E1A2982C4A528300DDABF8 /* MenuView.swift in Sources */ = {isa = PBXBuildFile; fileRef = E1E1A2972C4A528300DDABF8 /* MenuView.swift */; };
/* End PBXBuildFile section */

/* Begin PBXContainerItemProxy section */
		E1BAB8FC2C46653300873CA6 /* PBXContainerItemProxy */ = {
			isa = PBXContainerItemProxy;
			containerPortal = E1BAB8E12C46653100873CA6 /* Project object */;
			proxyType = 1;
			remoteGlobalIDString = E1BAB8E82C46653100873CA6;
			remoteInfo = BestEats;
		};
		E1BAB9062C46653300873CA6 /* PBXContainerItemProxy */ = {
			isa = PBXContainerItemProxy;
			containerPortal = E1BAB8E12C46653100873CA6 /* Project object */;
			proxyType = 1;
			remoteGlobalIDString = E1BAB8E82C46653100873CA6;
			remoteInfo = BestEats;
		};
/* End PBXContainerItemProxy section */

/* Begin PBXFileReference section */
		E1067C2F2C58C3E8005FE587 /* BackButton.swift */ = {isa = PBXFileReference; lastKnownFileType = sourcecode.swift; path = BackButton.swift; sourceTree = "<group>"; };
		E1067C312C58D216005FE587 /* AddMenuSheet.swift */ = {isa = PBXFileReference; lastKnownFileType = sourcecode.swift; path = AddMenuSheet.swift; sourceTree = "<group>"; };
		E1067C332C58DB6F005FE587 /* AddText.swift */ = {isa = PBXFileReference; lastKnownFileType = sourcecode.swift; path = AddText.swift; sourceTree = "<group>"; };
		E1067C392C5A13CC005FE587 /* ToastManager.swift */ = {isa = PBXFileReference; lastKnownFileType = sourcecode.swift; path = ToastManager.swift; sourceTree = "<group>"; };
		E1067C3E2C5A1749005FE587 /* ViewEx.swift */ = {isa = PBXFileReference; lastKnownFileType = sourcecode.swift; path = ViewEx.swift; sourceTree = "<group>"; };
		E118E28C2C4E376800480A39 /* MenuViewModel.swift */ = {isa = PBXFileReference; lastKnownFileType = sourcecode.swift; path = MenuViewModel.swift; sourceTree = "<group>"; };
		E1484FB02C4E44F7000A4272 /* CategoryView.swift */ = {isa = PBXFileReference; lastKnownFileType = sourcecode.swift; path = CategoryView.swift; sourceTree = "<group>"; };
		E1484FB22C4E500E000A4272 /* MenuItemView.swift */ = {isa = PBXFileReference; lastKnownFileType = sourcecode.swift; path = MenuItemView.swift; sourceTree = "<group>"; };
		E1484FB42C4E61FD000A4272 /* MenuDetailView.swift */ = {isa = PBXFileReference; lastKnownFileType = sourcecode.swift; path = MenuDetailView.swift; sourceTree = "<group>"; };
		E148503B2C522CB8000A4272 /* Rate.swift */ = {isa = PBXFileReference; lastKnownFileType = sourcecode.swift; path = Rate.swift; sourceTree = "<group>"; };
		E1492FA02C5B7D8E008EDC83 /* SplashView.swift */ = {isa = PBXFileReference; lastKnownFileType = sourcecode.swift; path = SplashView.swift; sourceTree = "<group>"; };
		E1492FA32C5CBB7F008EDC83 /* TabItem.swift */ = {isa = PBXFileReference; lastKnownFileType = sourcecode.swift; path = TabItem.swift; sourceTree = "<group>"; };
		E1492FA52C6090C2008EDC83 /* UINavigationControllerEx.swift */ = {isa = PBXFileReference; lastKnownFileType = sourcecode.swift; path = UINavigationControllerEx.swift; sourceTree = "<group>"; };
		E1BAB8E92C46653100873CA6 /* BestEats.app */ = {isa = PBXFileReference; explicitFileType = wrapper.application; includeInIndex = 0; path = BestEats.app; sourceTree = BUILT_PRODUCTS_DIR; };
		E1BAB8EC2C46653100873CA6 /* BestEatsApp.swift */ = {isa = PBXFileReference; lastKnownFileType = sourcecode.swift; path = BestEatsApp.swift; sourceTree = "<group>"; };
		E1BAB8EE2C46653100873CA6 /* TabBarView.swift */ = {isa = PBXFileReference; lastKnownFileType = sourcecode.swift; path = TabBarView.swift; sourceTree = "<group>"; };
		E1BAB8F22C46653300873CA6 /* Assets.xcassets */ = {isa = PBXFileReference; lastKnownFileType = folder.assetcatalog; path = Assets.xcassets; sourceTree = "<group>"; };
		E1BAB8F52C46653300873CA6 /* Preview Assets.xcassets */ = {isa = PBXFileReference; lastKnownFileType = folder.assetcatalog; path = "Preview Assets.xcassets"; sourceTree = "<group>"; };
		E1BAB8FB2C46653300873CA6 /* BestEatsTests.xctest */ = {isa = PBXFileReference; explicitFileType = wrapper.cfbundle; includeInIndex = 0; path = BestEatsTests.xctest; sourceTree = BUILT_PRODUCTS_DIR; };
		E1BAB8FF2C46653300873CA6 /* BestEatsTests.swift */ = {isa = PBXFileReference; lastKnownFileType = sourcecode.swift; path = BestEatsTests.swift; sourceTree = "<group>"; };
		E1BAB9052C46653300873CA6 /* BestEatsUITests.xctest */ = {isa = PBXFileReference; explicitFileType = wrapper.cfbundle; includeInIndex = 0; path = BestEatsUITests.xctest; sourceTree = BUILT_PRODUCTS_DIR; };
		E1BAB9092C46653300873CA6 /* BestEatsUITests.swift */ = {isa = PBXFileReference; lastKnownFileType = sourcecode.swift; path = BestEatsUITests.swift; sourceTree = "<group>"; };
		E1BAB90B2C46653300873CA6 /* BestEatsUITestsLaunchTests.swift */ = {isa = PBXFileReference; lastKnownFileType = sourcecode.swift; path = BestEatsUITestsLaunchTests.swift; sourceTree = "<group>"; };
		E1BAB91E2C466E1200873CA6 /* RestaurantView.swift */ = {isa = PBXFileReference; lastKnownFileType = sourcecode.swift; path = RestaurantView.swift; sourceTree = "<group>"; };
		E1BAB9202C466E1B00873CA6 /* SettingsView.swift */ = {isa = PBXFileReference; lastKnownFileType = sourcecode.swift; path = SettingsView.swift; sourceTree = "<group>"; };
		E1BAB9222C466E2100873CA6 /* RecommendationView.swift */ = {isa = PBXFileReference; lastKnownFileType = sourcecode.swift; path = RecommendationView.swift; sourceTree = "<group>"; };
		E1BAB9252C47AFB400873CA6 /* AddRestaurantSheet.swift */ = {isa = PBXFileReference; lastKnownFileType = sourcecode.swift; path = AddRestaurantSheet.swift; sourceTree = "<group>"; };
		E1DEE8B92C490BB30035B56F /* FontEx.swift */ = {isa = PBXFileReference; lastKnownFileType = sourcecode.swift; path = FontEx.swift; sourceTree = "<group>"; };
		E1DEE8BC2C490BCB0035B56F /* ColorEx.swift */ = {isa = PBXFileReference; lastKnownFileType = sourcecode.swift; path = ColorEx.swift; sourceTree = "<group>"; };
		E1DEE8BE2C490BD00035B56F /* ImageEx.swift */ = {isa = PBXFileReference; lastKnownFileType = sourcecode.swift; path = ImageEx.swift; sourceTree = "<group>"; };
		E1DEE8C32C490ECE0035B56F /* Pretendard-Thin.otf */ = {isa = PBXFileReference; lastKnownFileType = file; path = "Pretendard-Thin.otf"; sourceTree = "<group>"; };
		E1DEE8C42C490ECE0035B56F /* Pretendard-Light.otf */ = {isa = PBXFileReference; lastKnownFileType = file; path = "Pretendard-Light.otf"; sourceTree = "<group>"; };
		E1DEE8C52C490ECE0035B56F /* Pretendard-ExtraBold.otf */ = {isa = PBXFileReference; lastKnownFileType = file; path = "Pretendard-ExtraBold.otf"; sourceTree = "<group>"; };
		E1DEE8C62C490ECE0035B56F /* Pretendard-Black.otf */ = {isa = PBXFileReference; lastKnownFileType = file; path = "Pretendard-Black.otf"; sourceTree = "<group>"; };
		E1DEE8C72C490ECE0035B56F /* Pretendard-Regular.otf */ = {isa = PBXFileReference; lastKnownFileType = file; path = "Pretendard-Regular.otf"; sourceTree = "<group>"; };
		E1DEE8C82C490ECE0035B56F /* Pretendard-SemiBold.otf */ = {isa = PBXFileReference; lastKnownFileType = file; path = "Pretendard-SemiBold.otf"; sourceTree = "<group>"; };
		E1DEE8C92C490ECE0035B56F /* Pretendard-ExtraLight.otf */ = {isa = PBXFileReference; lastKnownFileType = file; path = "Pretendard-ExtraLight.otf"; sourceTree = "<group>"; };
		E1DEE8CA2C490ECE0035B56F /* Pretendard-Bold.otf */ = {isa = PBXFileReference; lastKnownFileType = file; path = "Pretendard-Bold.otf"; sourceTree = "<group>"; };
		E1DEE8CB2C490ECF0035B56F /* Pretendard-Medium.otf */ = {isa = PBXFileReference; lastKnownFileType = file; path = "Pretendard-Medium.otf"; sourceTree = "<group>"; };
		E1E1A26F2C49349E00DDABF8 /* CloseButton.swift */ = {isa = PBXFileReference; lastKnownFileType = sourcecode.swift; path = CloseButton.swift; sourceTree = "<group>"; };
		E1E1A2732C49391D00DDABF8 /* RestaurantList.xcdatamodel */ = {isa = PBXFileReference; lastKnownFileType = wrapper.xcdatamodel; path = RestaurantList.xcdatamodel; sourceTree = "<group>"; };
		E1E1A27D2C493D2000DDABF8 /* CoreDataManager.swift */ = {isa = PBXFileReference; lastKnownFileType = sourcecode.swift; path = CoreDataManager.swift; sourceTree = "<group>"; };
		E1E1A2872C4A2D5E00DDABF8 /* Menu+CoreDataClass.swift */ = {isa = PBXFileReference; lastKnownFileType = sourcecode.swift; path = "Menu+CoreDataClass.swift"; sourceTree = "<group>"; };
		E1E1A2882C4A2D5E00DDABF8 /* Menu+CoreDataProperties.swift */ = {isa = PBXFileReference; lastKnownFileType = sourcecode.swift; path = "Menu+CoreDataProperties.swift"; sourceTree = "<group>"; };
		E1E1A2892C4A2D5E00DDABF8 /* Restaurant+CoreDataClass.swift */ = {isa = PBXFileReference; lastKnownFileType = sourcecode.swift; path = "Restaurant+CoreDataClass.swift"; sourceTree = "<group>"; };
		E1E1A28A2C4A2D5E00DDABF8 /* Restaurant+CoreDataProperties.swift */ = {isa = PBXFileReference; lastKnownFileType = sourcecode.swift; path = "Restaurant+CoreDataProperties.swift"; sourceTree = "<group>"; };
		E1E1A2912C4A336E00DDABF8 /* RestaurantCardView.swift */ = {isa = PBXFileReference; lastKnownFileType = sourcecode.swift; path = RestaurantCardView.swift; sourceTree = "<group>"; };
		E1E1A2932C4A360300DDABF8 /* AddButton.swift */ = {isa = PBXFileReference; lastKnownFileType = sourcecode.swift; path = AddButton.swift; sourceTree = "<group>"; };
		E1E1A2972C4A528300DDABF8 /* MenuView.swift */ = {isa = PBXFileReference; lastKnownFileType = sourcecode.swift; path = MenuView.swift; sourceTree = "<group>"; };
/* End PBXFileReference section */

/* Begin PBXFrameworksBuildPhase section */
		E1BAB8E62C46653100873CA6 /* Frameworks */ = {
			isa = PBXFrameworksBuildPhase;
			buildActionMask = 2147483647;
			files = (
				E1067C372C58E25F005FE587 /* PopupView in Frameworks */,
			);
			runOnlyForDeploymentPostprocessing = 0;
		};
		E1BAB8F82C46653300873CA6 /* Frameworks */ = {
			isa = PBXFrameworksBuildPhase;
			buildActionMask = 2147483647;
			files = (
			);
			runOnlyForDeploymentPostprocessing = 0;
		};
		E1BAB9022C46653300873CA6 /* Frameworks */ = {
			isa = PBXFrameworksBuildPhase;
			buildActionMask = 2147483647;
			files = (
			);
			runOnlyForDeploymentPostprocessing = 0;
		};
/* End PBXFrameworksBuildPhase section */

/* Begin PBXGroup section */
		E1067C382C5A13B7005FE587 /* Toast */ = {
			isa = PBXGroup;
			children = (
				E1067C392C5A13CC005FE587 /* ToastManager.swift */,
			);
			path = Toast;
			sourceTree = "<group>";
		};
		E1067C3B2C5A1426005FE587 /* Extensions */ = {
			isa = PBXGroup;
			children = (
				E1DEE8B92C490BB30035B56F /* FontEx.swift */,
				E1DEE8BC2C490BCB0035B56F /* ColorEx.swift */,
				E1DEE8BE2C490BD00035B56F /* ImageEx.swift */,
				E1067C3E2C5A1749005FE587 /* ViewEx.swift */,
				E1492FA52C6090C2008EDC83 /* UINavigationControllerEx.swift */,
			);
			path = Extensions;
			sourceTree = "<group>";
		};
		E118E28B2C4E373B00480A39 /* ViewModel */ = {
			isa = PBXGroup;
			children = (
				E118E28C2C4E376800480A39 /* MenuViewModel.swift */,
			);
			path = ViewModel;
			sourceTree = "<group>";
		};
		E148503A2C522CAE000A4272 /* Type */ = {
			isa = PBXGroup;
			children = (
				E148503B2C522CB8000A4272 /* Rate.swift */,
			);
			path = Type;
			sourceTree = "<group>";
		};
		E1492F9F2C5B7D82008EDC83 /* Splash */ = {
			isa = PBXGroup;
			children = (
				E1492FA02C5B7D8E008EDC83 /* SplashView.swift */,
			);
			path = Splash;
			sourceTree = "<group>";
		};
		E1492FA22C5CBB70008EDC83 /* Model */ = {
			isa = PBXGroup;
			children = (
				E1492FA32C5CBB7F008EDC83 /* TabItem.swift */,
			);
			path = Model;
			sourceTree = "<group>";
		};
		E1BAB8E02C46653100873CA6 = {
			isa = PBXGroup;
			children = (
				E1BAB8EB2C46653100873CA6 /* BestEats */,
				E1BAB8FE2C46653300873CA6 /* BestEatsTests */,
				E1BAB9082C46653300873CA6 /* BestEatsUITests */,
				E1BAB8EA2C46653100873CA6 /* Products */,
			);
			sourceTree = "<group>";
		};
		E1BAB8EA2C46653100873CA6 /* Products */ = {
			isa = PBXGroup;
			children = (
				E1BAB8E92C46653100873CA6 /* BestEats.app */,
				E1BAB8FB2C46653300873CA6 /* BestEatsTests.xctest */,
				E1BAB9052C46653300873CA6 /* BestEatsUITests.xctest */,
			);
			name = Products;
			sourceTree = "<group>";
		};
		E1BAB8EB2C46653100873CA6 /* BestEats */ = {
			isa = PBXGroup;
			children = (
				E1492FA22C5CBB70008EDC83 /* Model */,
				E118E28B2C4E373B00480A39 /* ViewModel */,
				E1BAB91D2C466DFB00873CA6 /* View */,
				E1E1A26E2C49346700DDABF8 /* Components */,
				E1E1A2712C49383300DDABF8 /* Managers */,
				E1DEE8C02C490E900035B56F /* Resource */,
				E1DEE8B82C490B890035B56F /* Util */,
				E1BAB8EC2C46653100873CA6 /* BestEatsApp.swift */,
				E1E1A2722C49391D00DDABF8 /* RestaurantList.xcdatamodeld */,
				E1BAB8F22C46653300873CA6 /* Assets.xcassets */,
				E1BAB8F42C46653300873CA6 /* Preview Content */,
			);
			path = BestEats;
			sourceTree = "<group>";
		};
		E1BAB8F42C46653300873CA6 /* Preview Content */ = {
			isa = PBXGroup;
			children = (
				E1BAB8F52C46653300873CA6 /* Preview Assets.xcassets */,
			);
			path = "Preview Content";
			sourceTree = "<group>";
		};
		E1BAB8FE2C46653300873CA6 /* BestEatsTests */ = {
			isa = PBXGroup;
			children = (
				E1BAB8FF2C46653300873CA6 /* BestEatsTests.swift */,
			);
			path = BestEatsTests;
			sourceTree = "<group>";
		};
		E1BAB9082C46653300873CA6 /* BestEatsUITests */ = {
			isa = PBXGroup;
			children = (
				E1BAB9092C46653300873CA6 /* BestEatsUITests.swift */,
				E1BAB90B2C46653300873CA6 /* BestEatsUITestsLaunchTests.swift */,
			);
			path = BestEatsUITests;
			sourceTree = "<group>";
		};
		E1BAB91A2C466DBC00873CA6 /* Recommendation */ = {
			isa = PBXGroup;
			children = (
				E1BAB9222C466E2100873CA6 /* RecommendationView.swift */,
			);
			path = Recommendation;
			sourceTree = "<group>";
		};
		E1BAB91B2C466DEC00873CA6 /* Settings */ = {
			isa = PBXGroup;
			children = (
				E1BAB9202C466E1B00873CA6 /* SettingsView.swift */,
			);
			path = Settings;
			sourceTree = "<group>";
		};
		E1BAB91C2C466DF400873CA6 /* Restaurant */ = {
			isa = PBXGroup;
			children = (
				E1BAB9252C47AFB400873CA6 /* AddRestaurantSheet.swift */,
				E1BAB91E2C466E1200873CA6 /* RestaurantView.swift */,
				E1E1A2912C4A336E00DDABF8 /* RestaurantCardView.swift */,
				E1E1A2932C4A360300DDABF8 /* AddButton.swift */,
			);
			path = Restaurant;
			sourceTree = "<group>";
		};
		E1BAB91D2C466DFB00873CA6 /* View */ = {
			isa = PBXGroup;
			children = (
				E1492F9F2C5B7D82008EDC83 /* Splash */,
				E1BAB8EE2C46653100873CA6 /* TabBarView.swift */,
				E1BAB91C2C466DF400873CA6 /* Restaurant */,
				E1E1A2962C4A526200DDABF8 /* Menu */,
				E1BAB91B2C466DEC00873CA6 /* Settings */,
				E1BAB91A2C466DBC00873CA6 /* Recommendation */,
			);
			path = View;
			sourceTree = "<group>";
		};
		E1DEE8B82C490B890035B56F /* Util */ = {
			isa = PBXGroup;
			children = (
				E1067C3B2C5A1426005FE587 /* Extensions */,
				E148503A2C522CAE000A4272 /* Type */,
			);
			path = Util;
			sourceTree = "<group>";
		};
		E1DEE8C02C490E900035B56F /* Resource */ = {
			isa = PBXGroup;
			children = (
				E1DEE8C12C490E960035B56F /* Fonts */,
			);
			path = Resource;
			sourceTree = "<group>";
		};
		E1DEE8C12C490E960035B56F /* Fonts */ = {
			isa = PBXGroup;
			children = (
				E1DEE8C22C490E9B0035B56F /* Pretendard */,
			);
			path = Fonts;
			sourceTree = "<group>";
		};
		E1DEE8C22C490E9B0035B56F /* Pretendard */ = {
			isa = PBXGroup;
			children = (
				E1DEE8C62C490ECE0035B56F /* Pretendard-Black.otf */,
				E1DEE8CA2C490ECE0035B56F /* Pretendard-Bold.otf */,
				E1DEE8C52C490ECE0035B56F /* Pretendard-ExtraBold.otf */,
				E1DEE8C92C490ECE0035B56F /* Pretendard-ExtraLight.otf */,
				E1DEE8C42C490ECE0035B56F /* Pretendard-Light.otf */,
				E1DEE8CB2C490ECF0035B56F /* Pretendard-Medium.otf */,
				E1DEE8C72C490ECE0035B56F /* Pretendard-Regular.otf */,
				E1DEE8C82C490ECE0035B56F /* Pretendard-SemiBold.otf */,
				E1DEE8C32C490ECE0035B56F /* Pretendard-Thin.otf */,
			);
			path = Pretendard;
			sourceTree = "<group>";
		};
		E1E1A26E2C49346700DDABF8 /* Components */ = {
			isa = PBXGroup;
			children = (
				E1E1A26F2C49349E00DDABF8 /* CloseButton.swift */,
				E1067C2F2C58C3E8005FE587 /* BackButton.swift */,
				E1067C332C58DB6F005FE587 /* AddText.swift */,
			);
			path = Components;
			sourceTree = "<group>";
		};
		E1E1A2712C49383300DDABF8 /* Managers */ = {
			isa = PBXGroup;
			children = (
				E1067C382C5A13B7005FE587 /* Toast */,
				E1E1A2902C4A30FC00DDABF8 /* CoreData */,
			);
			path = Managers;
			sourceTree = "<group>";
		};
		E1E1A2902C4A30FC00DDABF8 /* CoreData */ = {
			isa = PBXGroup;
			children = (
				E1E1A2872C4A2D5E00DDABF8 /* Menu+CoreDataClass.swift */,
				E1E1A2882C4A2D5E00DDABF8 /* Menu+CoreDataProperties.swift */,
				E1E1A2892C4A2D5E00DDABF8 /* Restaurant+CoreDataClass.swift */,
				E1E1A28A2C4A2D5E00DDABF8 /* Restaurant+CoreDataProperties.swift */,
				E1E1A27D2C493D2000DDABF8 /* CoreDataManager.swift */,
			);
			path = CoreData;
			sourceTree = "<group>";
		};
		E1E1A2962C4A526200DDABF8 /* Menu */ = {
			isa = PBXGroup;
			children = (
				E1E1A2972C4A528300DDABF8 /* MenuView.swift */,
				E1484FB02C4E44F7000A4272 /* CategoryView.swift */,
				E1484FB22C4E500E000A4272 /* MenuItemView.swift */,
				E1484FB42C4E61FD000A4272 /* MenuDetailView.swift */,
				E1067C312C58D216005FE587 /* AddMenuSheet.swift */,
			);
			path = Menu;
			sourceTree = "<group>";
		};
/* End PBXGroup section */

/* Begin PBXNativeTarget section */
		E1BAB8E82C46653100873CA6 /* BestEats */ = {
			isa = PBXNativeTarget;
			buildConfigurationList = E1BAB90F2C46653300873CA6 /* Build configuration list for PBXNativeTarget "BestEats" */;
			buildPhases = (
				E1BAB8E52C46653100873CA6 /* Sources */,
				E1BAB8E62C46653100873CA6 /* Frameworks */,
				E1BAB8E72C46653100873CA6 /* Resources */,
			);
			buildRules = (
			);
			dependencies = (
			);
			name = BestEats;
			packageProductDependencies = (
				E1067C362C58E25F005FE587 /* PopupView */,
			);
			productName = BestEats;
			productReference = E1BAB8E92C46653100873CA6 /* BestEats.app */;
			productType = "com.apple.product-type.application";
		};
		E1BAB8FA2C46653300873CA6 /* BestEatsTests */ = {
			isa = PBXNativeTarget;
			buildConfigurationList = E1BAB9122C46653300873CA6 /* Build configuration list for PBXNativeTarget "BestEatsTests" */;
			buildPhases = (
				E1BAB8F72C46653300873CA6 /* Sources */,
				E1BAB8F82C46653300873CA6 /* Frameworks */,
				E1BAB8F92C46653300873CA6 /* Resources */,
			);
			buildRules = (
			);
			dependencies = (
				E1BAB8FD2C46653300873CA6 /* PBXTargetDependency */,
			);
			name = BestEatsTests;
			productName = BestEatsTests;
			productReference = E1BAB8FB2C46653300873CA6 /* BestEatsTests.xctest */;
			productType = "com.apple.product-type.bundle.unit-test";
		};
		E1BAB9042C46653300873CA6 /* BestEatsUITests */ = {
			isa = PBXNativeTarget;
			buildConfigurationList = E1BAB9152C46653300873CA6 /* Build configuration list for PBXNativeTarget "BestEatsUITests" */;
			buildPhases = (
				E1BAB9012C46653300873CA6 /* Sources */,
				E1BAB9022C46653300873CA6 /* Frameworks */,
				E1BAB9032C46653300873CA6 /* Resources */,
			);
			buildRules = (
			);
			dependencies = (
				E1BAB9072C46653300873CA6 /* PBXTargetDependency */,
			);
			name = BestEatsUITests;
			productName = BestEatsUITests;
			productReference = E1BAB9052C46653300873CA6 /* BestEatsUITests.xctest */;
			productType = "com.apple.product-type.bundle.ui-testing";
		};
/* End PBXNativeTarget section */

/* Begin PBXProject section */
		E1BAB8E12C46653100873CA6 /* Project object */ = {
			isa = PBXProject;
			attributes = {
				BuildIndependentTargetsInParallel = 1;
				LastSwiftUpdateCheck = 1520;
				LastUpgradeCheck = 1520;
				TargetAttributes = {
					E1BAB8E82C46653100873CA6 = {
						CreatedOnToolsVersion = 15.2;
					};
					E1BAB8FA2C46653300873CA6 = {
						CreatedOnToolsVersion = 15.2;
						TestTargetID = E1BAB8E82C46653100873CA6;
					};
					E1BAB9042C46653300873CA6 = {
						CreatedOnToolsVersion = 15.2;
						TestTargetID = E1BAB8E82C46653100873CA6;
					};
				};
			};
			buildConfigurationList = E1BAB8E42C46653100873CA6 /* Build configuration list for PBXProject "BestEats" */;
			compatibilityVersion = "Xcode 14.0";
			developmentRegion = en;
			hasScannedForEncodings = 0;
			knownRegions = (
				en,
				Base,
			);
			mainGroup = E1BAB8E02C46653100873CA6;
			packageReferences = (
				E1067C352C58E25F005FE587 /* XCRemoteSwiftPackageReference "PopupView" */,
			);
			productRefGroup = E1BAB8EA2C46653100873CA6 /* Products */;
			projectDirPath = "";
			projectRoot = "";
			targets = (
				E1BAB8E82C46653100873CA6 /* BestEats */,
				E1BAB8FA2C46653300873CA6 /* BestEatsTests */,
				E1BAB9042C46653300873CA6 /* BestEatsUITests */,
			);
		};
/* End PBXProject section */

/* Begin PBXResourcesBuildPhase section */
		E1BAB8E72C46653100873CA6 /* Resources */ = {
			isa = PBXResourcesBuildPhase;
			buildActionMask = 2147483647;
			files = (
				E1DEE8D82C490ECF0035B56F /* Pretendard-ExtraLight.otf in Resources */,
				E1DEE8DA2C490ECF0035B56F /* Pretendard-Bold.otf in Resources */,
				E1DEE8CC2C490ECF0035B56F /* Pretendard-Thin.otf in Resources */,
				E1DEE8CE2C490ECF0035B56F /* Pretendard-Light.otf in Resources */,
				E1DEE8D02C490ECF0035B56F /* Pretendard-ExtraBold.otf in Resources */,
				E1DEE8D62C490ECF0035B56F /* Pretendard-SemiBold.otf in Resources */,
				E1BAB8F62C46653300873CA6 /* Preview Assets.xcassets in Resources */,
				E1DEE8D42C490ECF0035B56F /* Pretendard-Regular.otf in Resources */,
				E1DEE8D22C490ECF0035B56F /* Pretendard-Black.otf in Resources */,
				E1BAB8F32C46653300873CA6 /* Assets.xcassets in Resources */,
				E1DEE8DC2C490ECF0035B56F /* Pretendard-Medium.otf in Resources */,
			);
			runOnlyForDeploymentPostprocessing = 0;
		};
		E1BAB8F92C46653300873CA6 /* Resources */ = {
			isa = PBXResourcesBuildPhase;
			buildActionMask = 2147483647;
			files = (
			);
			runOnlyForDeploymentPostprocessing = 0;
		};
		E1BAB9032C46653300873CA6 /* Resources */ = {
			isa = PBXResourcesBuildPhase;
			buildActionMask = 2147483647;
			files = (
				E1DEE8D92C490ECF0035B56F /* Pretendard-ExtraLight.otf in Resources */,
				E1DEE8DB2C490ECF0035B56F /* Pretendard-Bold.otf in Resources */,
				E1DEE8CD2C490ECF0035B56F /* Pretendard-Thin.otf in Resources */,
				E1DEE8CF2C490ECF0035B56F /* Pretendard-Light.otf in Resources */,
				E1DEE8D52C490ECF0035B56F /* Pretendard-Regular.otf in Resources */,
				E1DEE8D72C490ECF0035B56F /* Pretendard-SemiBold.otf in Resources */,
				E1DEE8D32C490ECF0035B56F /* Pretendard-Black.otf in Resources */,
				E1DEE8D12C490ECF0035B56F /* Pretendard-ExtraBold.otf in Resources */,
				E1DEE8DD2C490ECF0035B56F /* Pretendard-Medium.otf in Resources */,
			);
			runOnlyForDeploymentPostprocessing = 0;
		};
/* End PBXResourcesBuildPhase section */

/* Begin PBXSourcesBuildPhase section */
		E1BAB8E52C46653100873CA6 /* Sources */ = {
			isa = PBXSourcesBuildPhase;
			buildActionMask = 2147483647;
			files = (
				E1E1A28B2C4A2D5E00DDABF8 /* Menu+CoreDataClass.swift in Sources */,
				E1484FB32C4E500E000A4272 /* MenuItemView.swift in Sources */,
				E1BAB9232C466E2100873CA6 /* RecommendationView.swift in Sources */,
				E1BAB8EF2C46653100873CA6 /* TabBarView.swift in Sources */,
				E118E28D2C4E376800480A39 /* MenuViewModel.swift in Sources */,
				E1E1A2982C4A528300DDABF8 /* MenuView.swift in Sources */,
				E1BAB9262C47AFB400873CA6 /* AddRestaurantSheet.swift in Sources */,
				E1E1A2922C4A336E00DDABF8 /* RestaurantCardView.swift in Sources */,
				E1492FA62C6090C2008EDC83 /* UINavigationControllerEx.swift in Sources */,
				E1E1A28E2C4A2D5E00DDABF8 /* Restaurant+CoreDataProperties.swift in Sources */,
				E1484FB12C4E44F7000A4272 /* CategoryView.swift in Sources */,
				E1492FA42C5CBB7F008EDC83 /* TabItem.swift in Sources */,
				E1DEE8BA2C490BB30035B56F /* FontEx.swift in Sources */,
				E1484FB52C4E61FD000A4272 /* MenuDetailView.swift in Sources */,
				E1E1A2702C49349E00DDABF8 /* CloseButton.swift in Sources */,
				E1E1A28C2C4A2D5E00DDABF8 /* Menu+CoreDataProperties.swift in Sources */,
				E1067C3A2C5A13CC005FE587 /* ToastManager.swift in Sources */,
				E1DEE8BD2C490BCB0035B56F /* ColorEx.swift in Sources */,
				E1BAB9212C466E1B00873CA6 /* SettingsView.swift in Sources */,
				E1492FA12C5B7D8E008EDC83 /* SplashView.swift in Sources */,
				E1067C322C58D216005FE587 /* AddMenuSheet.swift in Sources */,
				E1BAB91F2C466E1200873CA6 /* RestaurantView.swift in Sources */,
				E1067C3F2C5A1749005FE587 /* ViewEx.swift in Sources */,
				E1DEE8BF2C490BD00035B56F /* ImageEx.swift in Sources */,
				E148503C2C522CB8000A4272 /* Rate.swift in Sources */,
				E1E1A28D2C4A2D5E00DDABF8 /* Restaurant+CoreDataClass.swift in Sources */,
				E1E1A2742C49391D00DDABF8 /* RestaurantList.xcdatamodeld in Sources */,
				E1E1A2942C4A360300DDABF8 /* AddButton.swift in Sources */,
				E1067C302C58C3E8005FE587 /* BackButton.swift in Sources */,
				E1E1A27E2C493D2000DDABF8 /* CoreDataManager.swift in Sources */,
				E1BAB8ED2C46653100873CA6 /* BestEatsApp.swift in Sources */,
				E1067C342C58DB6F005FE587 /* AddText.swift in Sources */,
			);
			runOnlyForDeploymentPostprocessing = 0;
		};
		E1BAB8F72C46653300873CA6 /* Sources */ = {
			isa = PBXSourcesBuildPhase;
			buildActionMask = 2147483647;
			files = (
				E1BAB9002C46653300873CA6 /* BestEatsTests.swift in Sources */,
			);
			runOnlyForDeploymentPostprocessing = 0;
		};
		E1BAB9012C46653300873CA6 /* Sources */ = {
			isa = PBXSourcesBuildPhase;
			buildActionMask = 2147483647;
			files = (
				E1BAB90C2C46653300873CA6 /* BestEatsUITestsLaunchTests.swift in Sources */,
				E1BAB90A2C46653300873CA6 /* BestEatsUITests.swift in Sources */,
			);
			runOnlyForDeploymentPostprocessing = 0;
		};
/* End PBXSourcesBuildPhase section */

/* Begin PBXTargetDependency section */
		E1BAB8FD2C46653300873CA6 /* PBXTargetDependency */ = {
			isa = PBXTargetDependency;
			target = E1BAB8E82C46653100873CA6 /* BestEats */;
			targetProxy = E1BAB8FC2C46653300873CA6 /* PBXContainerItemProxy */;
		};
		E1BAB9072C46653300873CA6 /* PBXTargetDependency */ = {
			isa = PBXTargetDependency;
			target = E1BAB8E82C46653100873CA6 /* BestEats */;
			targetProxy = E1BAB9062C46653300873CA6 /* PBXContainerItemProxy */;
		};
/* End PBXTargetDependency section */

/* Begin XCBuildConfiguration section */
		E1BAB90D2C46653300873CA6 /* Debug */ = {
			isa = XCBuildConfiguration;
			buildSettings = {
				ALWAYS_SEARCH_USER_PATHS = NO;
				ASSETCATALOG_COMPILER_GENERATE_SWIFT_ASSET_SYMBOL_EXTENSIONS = YES;
				CLANG_ANALYZER_NONNULL = YES;
				CLANG_ANALYZER_NUMBER_OBJECT_CONVERSION = YES_AGGRESSIVE;
				CLANG_CXX_LANGUAGE_STANDARD = "gnu++20";
				CLANG_ENABLE_MODULES = YES;
				CLANG_ENABLE_OBJC_ARC = YES;
				CLANG_ENABLE_OBJC_WEAK = YES;
				CLANG_WARN_BLOCK_CAPTURE_AUTORELEASING = YES;
				CLANG_WARN_BOOL_CONVERSION = YES;
				CLANG_WARN_COMMA = YES;
				CLANG_WARN_CONSTANT_CONVERSION = YES;
				CLANG_WARN_DEPRECATED_OBJC_IMPLEMENTATIONS = YES;
				CLANG_WARN_DIRECT_OBJC_ISA_USAGE = YES_ERROR;
				CLANG_WARN_DOCUMENTATION_COMMENTS = YES;
				CLANG_WARN_EMPTY_BODY = YES;
				CLANG_WARN_ENUM_CONVERSION = YES;
				CLANG_WARN_INFINITE_RECURSION = YES;
				CLANG_WARN_INT_CONVERSION = YES;
				CLANG_WARN_NON_LITERAL_NULL_CONVERSION = YES;
				CLANG_WARN_OBJC_IMPLICIT_RETAIN_SELF = YES;
				CLANG_WARN_OBJC_LITERAL_CONVERSION = YES;
				CLANG_WARN_OBJC_ROOT_CLASS = YES_ERROR;
				CLANG_WARN_QUOTED_INCLUDE_IN_FRAMEWORK_HEADER = YES;
				CLANG_WARN_RANGE_LOOP_ANALYSIS = YES;
				CLANG_WARN_STRICT_PROTOTYPES = YES;
				CLANG_WARN_SUSPICIOUS_MOVE = YES;
				CLANG_WARN_UNGUARDED_AVAILABILITY = YES_AGGRESSIVE;
				CLANG_WARN_UNREACHABLE_CODE = YES;
				CLANG_WARN__DUPLICATE_METHOD_MATCH = YES;
				COPY_PHASE_STRIP = NO;
				DEBUG_INFORMATION_FORMAT = dwarf;
				ENABLE_STRICT_OBJC_MSGSEND = YES;
				ENABLE_TESTABILITY = YES;
				ENABLE_USER_SCRIPT_SANDBOXING = YES;
				GCC_C_LANGUAGE_STANDARD = gnu17;
				GCC_DYNAMIC_NO_PIC = NO;
				GCC_NO_COMMON_BLOCKS = YES;
				GCC_OPTIMIZATION_LEVEL = 0;
				GCC_PREPROCESSOR_DEFINITIONS = (
					"DEBUG=1",
					"$(inherited)",
				);
				GCC_WARN_64_TO_32_BIT_CONVERSION = YES;
				GCC_WARN_ABOUT_RETURN_TYPE = YES_ERROR;
				GCC_WARN_UNDECLARED_SELECTOR = YES;
				GCC_WARN_UNINITIALIZED_AUTOS = YES_AGGRESSIVE;
				GCC_WARN_UNUSED_FUNCTION = YES;
				GCC_WARN_UNUSED_VARIABLE = YES;
				IPHONEOS_DEPLOYMENT_TARGET = 16.0;
				LOCALIZATION_PREFERS_STRING_CATALOGS = YES;
				MTL_ENABLE_DEBUG_INFO = INCLUDE_SOURCE;
				MTL_FAST_MATH = YES;
				ONLY_ACTIVE_ARCH = YES;
				SDKROOT = iphoneos;
				SWIFT_ACTIVE_COMPILATION_CONDITIONS = "DEBUG $(inherited)";
				SWIFT_OPTIMIZATION_LEVEL = "-Onone";
			};
			name = Debug;
		};
		E1BAB90E2C46653300873CA6 /* Release */ = {
			isa = XCBuildConfiguration;
			buildSettings = {
				ALWAYS_SEARCH_USER_PATHS = NO;
				ASSETCATALOG_COMPILER_GENERATE_SWIFT_ASSET_SYMBOL_EXTENSIONS = YES;
				CLANG_ANALYZER_NONNULL = YES;
				CLANG_ANALYZER_NUMBER_OBJECT_CONVERSION = YES_AGGRESSIVE;
				CLANG_CXX_LANGUAGE_STANDARD = "gnu++20";
				CLANG_ENABLE_MODULES = YES;
				CLANG_ENABLE_OBJC_ARC = YES;
				CLANG_ENABLE_OBJC_WEAK = YES;
				CLANG_WARN_BLOCK_CAPTURE_AUTORELEASING = YES;
				CLANG_WARN_BOOL_CONVERSION = YES;
				CLANG_WARN_COMMA = YES;
				CLANG_WARN_CONSTANT_CONVERSION = YES;
				CLANG_WARN_DEPRECATED_OBJC_IMPLEMENTATIONS = YES;
				CLANG_WARN_DIRECT_OBJC_ISA_USAGE = YES_ERROR;
				CLANG_WARN_DOCUMENTATION_COMMENTS = YES;
				CLANG_WARN_EMPTY_BODY = YES;
				CLANG_WARN_ENUM_CONVERSION = YES;
				CLANG_WARN_INFINITE_RECURSION = YES;
				CLANG_WARN_INT_CONVERSION = YES;
				CLANG_WARN_NON_LITERAL_NULL_CONVERSION = YES;
				CLANG_WARN_OBJC_IMPLICIT_RETAIN_SELF = YES;
				CLANG_WARN_OBJC_LITERAL_CONVERSION = YES;
				CLANG_WARN_OBJC_ROOT_CLASS = YES_ERROR;
				CLANG_WARN_QUOTED_INCLUDE_IN_FRAMEWORK_HEADER = YES;
				CLANG_WARN_RANGE_LOOP_ANALYSIS = YES;
				CLANG_WARN_STRICT_PROTOTYPES = YES;
				CLANG_WARN_SUSPICIOUS_MOVE = YES;
				CLANG_WARN_UNGUARDED_AVAILABILITY = YES_AGGRESSIVE;
				CLANG_WARN_UNREACHABLE_CODE = YES;
				CLANG_WARN__DUPLICATE_METHOD_MATCH = YES;
				COPY_PHASE_STRIP = NO;
				DEBUG_INFORMATION_FORMAT = "dwarf-with-dsym";
				ENABLE_NS_ASSERTIONS = NO;
				ENABLE_STRICT_OBJC_MSGSEND = YES;
				ENABLE_USER_SCRIPT_SANDBOXING = YES;
				GCC_C_LANGUAGE_STANDARD = gnu17;
				GCC_NO_COMMON_BLOCKS = YES;
				GCC_WARN_64_TO_32_BIT_CONVERSION = YES;
				GCC_WARN_ABOUT_RETURN_TYPE = YES_ERROR;
				GCC_WARN_UNDECLARED_SELECTOR = YES;
				GCC_WARN_UNINITIALIZED_AUTOS = YES_AGGRESSIVE;
				GCC_WARN_UNUSED_FUNCTION = YES;
				GCC_WARN_UNUSED_VARIABLE = YES;
				IPHONEOS_DEPLOYMENT_TARGET = 16.0;
				LOCALIZATION_PREFERS_STRING_CATALOGS = YES;
				MTL_ENABLE_DEBUG_INFO = NO;
				MTL_FAST_MATH = YES;
				SDKROOT = iphoneos;
				SWIFT_COMPILATION_MODE = wholemodule;
				VALIDATE_PRODUCT = YES;
			};
			name = Release;
		};
		E1BAB9102C46653300873CA6 /* Debug */ = {
			isa = XCBuildConfiguration;
			buildSettings = {
				ASSETCATALOG_COMPILER_APPICON_NAME = AppIcon;
				ASSETCATALOG_COMPILER_GLOBAL_ACCENT_COLOR_NAME = AccentColor;
				CODE_SIGN_STYLE = Automatic;
				CURRENT_PROJECT_VERSION = 1;
				DEVELOPMENT_ASSET_PATHS = "\"BestEats/Preview Content\"";
				DEVELOPMENT_TEAM = R4G74AF442;
				ENABLE_PREVIEWS = YES;
				GENERATE_INFOPLIST_FILE = YES;
				INFOPLIST_FILE = BestEats/Info.plist;
				INFOPLIST_KEY_UIApplicationSceneManifest_Generation = YES;
				INFOPLIST_KEY_UIApplicationSupportsIndirectInputEvents = YES;
				INFOPLIST_KEY_UILaunchScreen_Generation = YES;
				INFOPLIST_KEY_UISupportedInterfaceOrientations = UIInterfaceOrientationPortrait;
				IPHONEOS_DEPLOYMENT_TARGET = 16.0;
				LD_RUNPATH_SEARCH_PATHS = (
					"$(inherited)",
					"@executable_path/Frameworks",
				);
				MARKETING_VERSION = 1.0;
				PRODUCT_BUNDLE_IDENTIFIER = com.bhoon.BestEats;
				PRODUCT_NAME = "$(TARGET_NAME)";
				SUPPORTED_PLATFORMS = "iphoneos iphonesimulator";
				SUPPORTS_MACCATALYST = NO;
				SUPPORTS_XR_DESIGNED_FOR_IPHONE_IPAD = NO;
				SWIFT_EMIT_LOC_STRINGS = YES;
				SWIFT_VERSION = 5.0;
				TARGETED_DEVICE_FAMILY = 1;
			};
			name = Debug;
		};
		E1BAB9112C46653300873CA6 /* Release */ = {
			isa = XCBuildConfiguration;
			buildSettings = {
				ASSETCATALOG_COMPILER_APPICON_NAME = AppIcon;
				ASSETCATALOG_COMPILER_GLOBAL_ACCENT_COLOR_NAME = AccentColor;
				CODE_SIGN_STYLE = Automatic;
				CURRENT_PROJECT_VERSION = 1;
				DEVELOPMENT_ASSET_PATHS = "\"BestEats/Preview Content\"";
				DEVELOPMENT_TEAM = R4G74AF442;
				ENABLE_PREVIEWS = YES;
				GENERATE_INFOPLIST_FILE = YES;
				INFOPLIST_FILE = BestEats/Info.plist;
				INFOPLIST_KEY_UIApplicationSceneManifest_Generation = YES;
				INFOPLIST_KEY_UIApplicationSupportsIndirectInputEvents = YES;
				INFOPLIST_KEY_UILaunchScreen_Generation = YES;
				INFOPLIST_KEY_UISupportedInterfaceOrientations = UIInterfaceOrientationPortrait;
				IPHONEOS_DEPLOYMENT_TARGET = 16.0;
				LD_RUNPATH_SEARCH_PATHS = (
					"$(inherited)",
					"@executable_path/Frameworks",
				);
				MARKETING_VERSION = 1.0;
				PRODUCT_BUNDLE_IDENTIFIER = com.bhoon.BestEats;
				PRODUCT_NAME = "$(TARGET_NAME)";
				SUPPORTED_PLATFORMS = "iphoneos iphonesimulator";
				SUPPORTS_MACCATALYST = NO;
				SUPPORTS_XR_DESIGNED_FOR_IPHONE_IPAD = NO;
				SWIFT_EMIT_LOC_STRINGS = YES;
				SWIFT_VERSION = 5.0;
				TARGETED_DEVICE_FAMILY = 1;
			};
			name = Release;
		};
		E1BAB9132C46653300873CA6 /* Debug */ = {
			isa = XCBuildConfiguration;
			buildSettings = {
				ALWAYS_EMBED_SWIFT_STANDARD_LIBRARIES = YES;
				BUNDLE_LOADER = "$(TEST_HOST)";
				CODE_SIGN_STYLE = Automatic;
				CURRENT_PROJECT_VERSION = 1;
				DEVELOPMENT_TEAM = R4G74AF442;
				GENERATE_INFOPLIST_FILE = YES;
				IPHONEOS_DEPLOYMENT_TARGET = 17.2;
				MARKETING_VERSION = 1.0;
				PRODUCT_BUNDLE_IDENTIFIER = com.bhoon.BestEatsTests;
				PRODUCT_NAME = "$(TARGET_NAME)";
				SWIFT_EMIT_LOC_STRINGS = NO;
				SWIFT_VERSION = 5.0;
				TARGETED_DEVICE_FAMILY = "1,2";
				TEST_HOST = "$(BUILT_PRODUCTS_DIR)/BestEats.app/$(BUNDLE_EXECUTABLE_FOLDER_PATH)/BestEats";
			};
			name = Debug;
		};
		E1BAB9142C46653300873CA6 /* Release */ = {
			isa = XCBuildConfiguration;
			buildSettings = {
				ALWAYS_EMBED_SWIFT_STANDARD_LIBRARIES = YES;
				BUNDLE_LOADER = "$(TEST_HOST)";
				CODE_SIGN_STYLE = Automatic;
				CURRENT_PROJECT_VERSION = 1;
				DEVELOPMENT_TEAM = R4G74AF442;
				GENERATE_INFOPLIST_FILE = YES;
				IPHONEOS_DEPLOYMENT_TARGET = 17.2;
				MARKETING_VERSION = 1.0;
				PRODUCT_BUNDLE_IDENTIFIER = com.bhoon.BestEatsTests;
				PRODUCT_NAME = "$(TARGET_NAME)";
				SWIFT_EMIT_LOC_STRINGS = NO;
				SWIFT_VERSION = 5.0;
				TARGETED_DEVICE_FAMILY = "1,2";
				TEST_HOST = "$(BUILT_PRODUCTS_DIR)/BestEats.app/$(BUNDLE_EXECUTABLE_FOLDER_PATH)/BestEats";
			};
			name = Release;
		};
		E1BAB9162C46653300873CA6 /* Debug */ = {
			isa = XCBuildConfiguration;
			buildSettings = {
				ALWAYS_EMBED_SWIFT_STANDARD_LIBRARIES = YES;
				CODE_SIGN_STYLE = Automatic;
				CURRENT_PROJECT_VERSION = 1;
				DEVELOPMENT_TEAM = R4G74AF442;
				GENERATE_INFOPLIST_FILE = YES;
				MARKETING_VERSION = 1.0;
				PRODUCT_BUNDLE_IDENTIFIER = com.bhoon.BestEatsUITests;
				PRODUCT_NAME = "$(TARGET_NAME)";
				SWIFT_EMIT_LOC_STRINGS = NO;
				SWIFT_VERSION = 5.0;
				TARGETED_DEVICE_FAMILY = "1,2";
				TEST_TARGET_NAME = BestEats;
			};
			name = Debug;
		};
		E1BAB9172C46653300873CA6 /* Release */ = {
			isa = XCBuildConfiguration;
			buildSettings = {
				ALWAYS_EMBED_SWIFT_STANDARD_LIBRARIES = YES;
				CODE_SIGN_STYLE = Automatic;
				CURRENT_PROJECT_VERSION = 1;
				DEVELOPMENT_TEAM = R4G74AF442;
				GENERATE_INFOPLIST_FILE = YES;
				MARKETING_VERSION = 1.0;
				PRODUCT_BUNDLE_IDENTIFIER = com.bhoon.BestEatsUITests;
				PRODUCT_NAME = "$(TARGET_NAME)";
				SWIFT_EMIT_LOC_STRINGS = NO;
				SWIFT_VERSION = 5.0;
				TARGETED_DEVICE_FAMILY = "1,2";
				TEST_TARGET_NAME = BestEats;
			};
			name = Release;
		};
/* End XCBuildConfiguration section */

/* Begin XCConfigurationList section */
		E1BAB8E42C46653100873CA6 /* Build configuration list for PBXProject "BestEats" */ = {
			isa = XCConfigurationList;
			buildConfigurations = (
				E1BAB90D2C46653300873CA6 /* Debug */,
				E1BAB90E2C46653300873CA6 /* Release */,
			);
			defaultConfigurationIsVisible = 0;
			defaultConfigurationName = Release;
		};
		E1BAB90F2C46653300873CA6 /* Build configuration list for PBXNativeTarget "BestEats" */ = {
			isa = XCConfigurationList;
			buildConfigurations = (
				E1BAB9102C46653300873CA6 /* Debug */,
				E1BAB9112C46653300873CA6 /* Release */,
			);
			defaultConfigurationIsVisible = 0;
			defaultConfigurationName = Release;
		};
		E1BAB9122C46653300873CA6 /* Build configuration list for PBXNativeTarget "BestEatsTests" */ = {
			isa = XCConfigurationList;
			buildConfigurations = (
				E1BAB9132C46653300873CA6 /* Debug */,
				E1BAB9142C46653300873CA6 /* Release */,
			);
			defaultConfigurationIsVisible = 0;
			defaultConfigurationName = Release;
		};
		E1BAB9152C46653300873CA6 /* Build configuration list for PBXNativeTarget "BestEatsUITests" */ = {
			isa = XCConfigurationList;
			buildConfigurations = (
				E1BAB9162C46653300873CA6 /* Debug */,
				E1BAB9172C46653300873CA6 /* Release */,
			);
			defaultConfigurationIsVisible = 0;
			defaultConfigurationName = Release;
		};
/* End XCConfigurationList section */

/* Begin XCRemoteSwiftPackageReference section */
		E1067C352C58E25F005FE587 /* XCRemoteSwiftPackageReference "PopupView" */ = {
			isa = XCRemoteSwiftPackageReference;
			repositoryURL = "https://github.com/exyte/PopupView";
			requirement = {
				kind = exactVersion;
				version = 3.0.5;
			};
		};
/* End XCRemoteSwiftPackageReference section */

/* Begin XCSwiftPackageProductDependency section */
		E1067C362C58E25F005FE587 /* PopupView */ = {
			isa = XCSwiftPackageProductDependency;
			package = E1067C352C58E25F005FE587 /* XCRemoteSwiftPackageReference "PopupView" */;
			productName = PopupView;
		};
/* End XCSwiftPackageProductDependency section */

/* Begin XCVersionGroup section */
		E1E1A2722C49391D00DDABF8 /* RestaurantList.xcdatamodeld */ = {
			isa = XCVersionGroup;
			children = (
				E1E1A2732C49391D00DDABF8 /* RestaurantList.xcdatamodel */,
			);
			currentVersion = E1E1A2732C49391D00DDABF8 /* RestaurantList.xcdatamodel */;
			path = RestaurantList.xcdatamodeld;
			sourceTree = "<group>";
			versionGroupType = wrapper.xcdatamodel;
		};
/* End XCVersionGroup section */
	};
	rootObject = E1BAB8E12C46653100873CA6 /* Project object */;
}
